
Microsoft Visual Studio Solution File, Format Version 12.00
# Visual Studio Version 17
VisualStudioVersion = 17.0.31903.59
MinimumVisualStudioVersion = 10.0.40219.1
Project("{2150E333-8FDC-42A3-9474-1A3956D46DE8}") = "src", "src", "{827E0CD3-B72D-47B6-A68D-7590B98EB39B}"
EndProject
Project("{FAE04EC0-301F-11D3-BF4B-00C04F79EFBC}") = "EfCore.WhereIn", "src\EfCore.WhereIn\EfCore.WhereIn.csproj", "{1CAEDF61-0F08-425F-BD24-5C1E16E57A1B}"
EndProject
Project("{2150E333-8FDC-42A3-9474-1A3956D46DE8}") = "tests", "tests", "{0AB3BF05-4346-4AA6-1389-037BE0695223}"
EndProject
Project("{FAE04EC0-301F-11D3-BF4B-00C04F79EFBC}") = "EfCore.WhereIn.Tests", "tests\EfCore.WhereIn.Tests\EfCore.WhereIn.Tests.csproj", "{0D6FD1B0-65D1-49AA-A2E0-98DDB890BDC5}"
EndProject
Global
	GlobalSection(SolutionConfigurationPlatforms) = preSolution
		Debug|Any CPU = Debug|Any CPU
		Debug|x64 = Debug|x64
		Debug|x86 = Debug|x86
		Release|Any CPU = Release|Any CPU
		Release|x64 = Release|x64
		Release|x86 = Release|x86
	EndGlobalSection
	GlobalSection(ProjectConfigurationPlatforms) = postSolution
		{1CAEDF61-0F08-425F-BD24-5C1E16E57A1B}.Debug|Any CPU.ActiveCfg = Debug|Any CPU
		{1CAEDF61-0F08-425F-BD24-5C1E16E57A1B}.Debug|Any CPU.Build.0 = Debug|Any CPU
		{1CAEDF61-0F08-425F-BD24-5C1E16E57A1B}.Debug|x64.ActiveCfg = Debug|Any CPU
		{1CAEDF61-0F08-425F-BD24-5C1E16E57A1B}.Debug|x64.Build.0 = Debug|Any CPU
		{1CAEDF61-0F08-425F-BD24-5C1E16E57A1B}.Debug|x86.ActiveCfg = Debug|Any CPU
		{1CAEDF61-0F08-425F-BD24-5C1E16E57A1B}.Debug|x86.Build.0 = Debug|Any CPU
		{1CAEDF61-0F08-425F-BD24-5C1E16E57A1B}.Release|Any CPU.ActiveCfg = Release|Any CPU
		{1CAEDF61-0F08-425F-BD24-5C1E16E57A1B}.Release|Any CPU.Build.0 = Release|Any CPU
		{1CAEDF61-0F08-425F-BD24-5C1E16E57A1B}.Release|x64.ActiveCfg = Release|Any CPU
		{1CAEDF61-0F08-425F-BD24-5C1E16E57A1B}.Release|x64.Build.0 = Release|Any CPU
		{1CAEDF61-0F08-425F-BD24-5C1E16E57A1B}.Release|x86.ActiveCfg = Release|Any CPU
		{1CAEDF61-0F08-425F-BD24-5C1E16E57A1B}.Release|x86.Build.0 = Release|Any CPU
		{0D6FD1B0-65D1-49AA-A2E0-98DDB890BDC5}.Debug|Any CPU.ActiveCfg = Debug|Any CPU
		{0D6FD1B0-65D1-49AA-A2E0-98DDB890BDC5}.Debug|Any CPU.Build.0 = Debug|Any CPU
		{0D6FD1B0-65D1-49AA-A2E0-98DDB890BDC5}.Debug|x64.ActiveCfg = Debug|Any CPU
		{0D6FD1B0-65D1-49AA-A2E0-98DDB890BDC5}.Debug|x64.Build.0 = Debug|Any CPU
		{0D6FD1B0-65D1-49AA-A2E0-98DDB890BDC5}.Debug|x86.ActiveCfg = Debug|Any CPU
		{0D6FD1B0-65D1-49AA-A2E0-98DDB890BDC5}.Debug|x86.Build.0 = Debug|Any CPU
		{0D6FD1B0-65D1-49AA-A2E0-98DDB890BDC5}.Release|Any CPU.ActiveCfg = Release|Any CPU
		{0D6FD1B0-65D1-49AA-A2E0-98DDB890BDC5}.Release|Any CPU.Build.0 = Release|Any CPU
		{0D6FD1B0-65D1-49AA-A2E0-98DDB890BDC5}.Release|x64.ActiveCfg = Release|Any CPU
		{0D6FD1B0-65D1-49AA-A2E0-98DDB890BDC5}.Release|x64.Build.0 = Release|Any CPU
		{0D6FD1B0-65D1-49AA-A2E0-98DDB890BDC5}.Release|x86.ActiveCfg = Release|Any CPU
		{0D6FD1B0-65D1-49AA-A2E0-98DDB890BDC5}.Release|x86.Build.0 = Release|Any CPU
	EndGlobalSection
	GlobalSection(SolutionProperties) = preSolution
		HideSolutionNode = FALSE
	EndGlobalSection
	GlobalSection(NestedProjects) = preSolution
		{1CAEDF61-0F08-425F-BD24-5C1E16E57A1B} = {827E0CD3-B72D-47B6-A68D-7590B98EB39B}
		{0D6FD1B0-65D1-49AA-A2E0-98DDB890BDC5} = {0AB3BF05-4346-4AA6-1389-037BE0695223}
	EndGlobalSection
EndGlobal
